// !$*UTF8*$!
{
	archiveVersion = 1;
	classes = {
	};
	objectVersion = 55;
	objects = {

/* Begin PBXBuildFile section */
		025304812792DA9E009563D8 /* AppDelegate.swift in Sources */ = {isa = PBXBuildFile; fileRef = 025304802792DA9E009563D8 /* AppDelegate.swift */; };
		025304832792DA9E009563D8 /* SceneDelegate.swift in Sources */ = {isa = PBXBuildFile; fileRef = 025304822792DA9E009563D8 /* SceneDelegate.swift */; };
		025304852792DA9E009563D8 /* ViewController.swift in Sources */ = {isa = PBXBuildFile; fileRef = 025304842792DA9E009563D8 /* ViewController.swift */; };
		025304882792DA9E009563D8 /* Main.storyboard in Resources */ = {isa = PBXBuildFile; fileRef = 025304862792DA9E009563D8 /* Main.storyboard */; };
		0253048B2792DA9E009563D8 /* LabelSample.xcdatamodeld in Sources */ = {isa = PBXBuildFile; fileRef = 025304892792DA9E009563D8 /* LabelSample.xcdatamodeld */; };
		0253048D2792DA9E009563D8 /* Assets.xcassets in Resources */ = {isa = PBXBuildFile; fileRef = 0253048C2792DA9E009563D8 /* Assets.xcassets */; };
		025304902792DA9E009563D8 /* LaunchScreen.storyboard in Resources */ = {isa = PBXBuildFile; fileRef = 0253048E2792DA9E009563D8 /* LaunchScreen.storyboard */; };
		0253049B2792DA9F009563D8 /* LabelSampleTests.swift in Sources */ = {isa = PBXBuildFile; fileRef = 0253049A2792DA9F009563D8 /* LabelSampleTests.swift */; };
		025304A52792DA9F009563D8 /* LabelSampleUITests.swift in Sources */ = {isa = PBXBuildFile; fileRef = 025304A42792DA9F009563D8 /* LabelSampleUITests.swift */; };
		025304A72792DA9F009563D8 /* LabelSampleUITestsLaunchTests.swift in Sources */ = {isa = PBXBuildFile; fileRef = 025304A62792DA9F009563D8 /* LabelSampleUITestsLaunchTests.swift */; };
		025304B52792DAC9009563D8 /* MainViewController.swift in Sources */ = {isa = PBXBuildFile; fileRef = 025304B42792DAC9009563D8 /* MainViewController.swift */; };
		025304B82792DBA8009563D8 /* TextView.swift in Sources */ = {isa = PBXBuildFile; fileRef = 025304B72792DBA8009563D8 /* TextView.swift */; };
		025304BA2792F188009563D8 /* MainViewModel.swift in Sources */ = {isa = PBXBuildFile; fileRef = 025304B92792F188009563D8 /* MainViewModel.swift */; };
		025304BC27932719009563D8 /* Extension.swift in Sources */ = {isa = PBXBuildFile; fileRef = 025304BB27932719009563D8 /* Extension.swift */; };
		025304BE27933032009563D8 /* TableViewCell.swift in Sources */ = {isa = PBXBuildFile; fileRef = 025304BD27933032009563D8 /* TableViewCell.swift */; };
		025304C127933180009563D8 /* Label.swift in Sources */ = {isa = PBXBuildFile; fileRef = 025304C027933180009563D8 /* Label.swift */; };
		025304C32793321C009563D8 /* UnderlineLayoutManager.swift in Sources */ = {isa = PBXBuildFile; fileRef = 025304C22793321C009563D8 /* UnderlineLayoutManager.swift */; };
/* End PBXBuildFile section */

/* Begin PBXContainerItemProxy section */
		025304972792DA9F009563D8 /* PBXContainerItemProxy */ = {
			isa = PBXContainerItemProxy;
			containerPortal = 025304752792DA9E009563D8 /* Project object */;
			proxyType = 1;
			remoteGlobalIDString = 0253047C2792DA9E009563D8;
			remoteInfo = LabelSample;
		};
		025304A12792DA9F009563D8 /* PBXContainerItemProxy */ = {
			isa = PBXContainerItemProxy;
			containerPortal = 025304752792DA9E009563D8 /* Project object */;
			proxyType = 1;
			remoteGlobalIDString = 0253047C2792DA9E009563D8;
			remoteInfo = LabelSample;
		};
/* End PBXContainerItemProxy section */

/* Begin PBXFileReference section */
		0253047D2792DA9E009563D8 /* LabelSample.app */ = {isa = PBXFileReference; explicitFileType = wrapper.application; includeInIndex = 0; path = LabelSample.app; sourceTree = BUILT_PRODUCTS_DIR; };
		025304802792DA9E009563D8 /* AppDelegate.swift */ = {isa = PBXFileReference; lastKnownFileType = sourcecode.swift; path = AppDelegate.swift; sourceTree = "<group>"; };
		025304822792DA9E009563D8 /* SceneDelegate.swift */ = {isa = PBXFileReference; lastKnownFileType = sourcecode.swift; path = SceneDelegate.swift; sourceTree = "<group>"; };
		025304842792DA9E009563D8 /* ViewController.swift */ = {isa = PBXFileReference; lastKnownFileType = sourcecode.swift; path = ViewController.swift; sourceTree = "<group>"; };
		025304872792DA9E009563D8 /* Base */ = {isa = PBXFileReference; lastKnownFileType = file.storyboard; name = Base; path = Base.lproj/Main.storyboard; sourceTree = "<group>"; };
		0253048A2792DA9E009563D8 /* LabelSample.xcdatamodel */ = {isa = PBXFileReference; lastKnownFileType = wrapper.xcdatamodel; path = LabelSample.xcdatamodel; sourceTree = "<group>"; };
		0253048C2792DA9E009563D8 /* Assets.xcassets */ = {isa = PBXFileReference; lastKnownFileType = folder.assetcatalog; path = Assets.xcassets; sourceTree = "<group>"; };
		0253048F2792DA9E009563D8 /* Base */ = {isa = PBXFileReference; lastKnownFileType = file.storyboard; name = Base; path = Base.lproj/LaunchScreen.storyboard; sourceTree = "<group>"; };
		025304912792DA9E009563D8 /* Info.plist */ = {isa = PBXFileReference; lastKnownFileType = text.plist.xml; path = Info.plist; sourceTree = "<group>"; };
		025304962792DA9F009563D8 /* LabelSampleTests.xctest */ = {isa = PBXFileReference; explicitFileType = wrapper.cfbundle; includeInIndex = 0; path = LabelSampleTests.xctest; sourceTree = BUILT_PRODUCTS_DIR; };
		0253049A2792DA9F009563D8 /* LabelSampleTests.swift */ = {isa = PBXFileReference; lastKnownFileType = sourcecode.swift; path = LabelSampleTests.swift; sourceTree = "<group>"; };
		025304A02792DA9F009563D8 /* LabelSampleUITests.xctest */ = {isa = PBXFileReference; explicitFileType = wrapper.cfbundle; includeInIndex = 0; path = LabelSampleUITests.xctest; sourceTree = BUILT_PRODUCTS_DIR; };
		025304A42792DA9F009563D8 /* LabelSampleUITests.swift */ = {isa = PBXFileReference; lastKnownFileType = sourcecode.swift; path = LabelSampleUITests.swift; sourceTree = "<group>"; };
		025304A62792DA9F009563D8 /* LabelSampleUITestsLaunchTests.swift */ = {isa = PBXFileReference; lastKnownFileType = sourcecode.swift; path = LabelSampleUITestsLaunchTests.swift; sourceTree = "<group>"; };
		025304B42792DAC9009563D8 /* MainViewController.swift */ = {isa = PBXFileReference; lastKnownFileType = sourcecode.swift; path = MainViewController.swift; sourceTree = "<group>"; };
		025304B72792DBA8009563D8 /* TextView.swift */ = {isa = PBXFileReference; lastKnownFileType = sourcecode.swift; path = TextView.swift; sourceTree = "<group>"; };
		025304B92792F188009563D8 /* MainViewModel.swift */ = {isa = PBXFileReference; lastKnownFileType = sourcecode.swift; path = MainViewModel.swift; sourceTree = "<group>"; };
		025304BB27932719009563D8 /* Extension.swift */ = {isa = PBXFileReference; lastKnownFileType = sourcecode.swift; path = Extension.swift; sourceTree = "<group>"; };
		025304BD27933032009563D8 /* TableViewCell.swift */ = {isa = PBXFileReference; lastKnownFileType = sourcecode.swift; path = TableViewCell.swift; sourceTree = "<group>"; };
		025304C027933180009563D8 /* Label.swift */ = {isa = PBXFileReference; lastKnownFileType = sourcecode.swift; path = Label.swift; sourceTree = "<group>"; };
		025304C22793321C009563D8 /* UnderlineLayoutManager.swift */ = {isa = PBXFileReference; lastKnownFileType = sourcecode.swift; path = UnderlineLayoutManager.swift; sourceTree = "<group>"; };
/* End PBXFileReference section */

/* Begin PBXFrameworksBuildPhase section */
		0253047A2792DA9E009563D8 /* Frameworks */ = {
			isa = PBXFrameworksBuildPhase;
			buildActionMask = 2147483647;
			files = (
			);
			runOnlyForDeploymentPostprocessing = 0;
		};
		025304932792DA9F009563D8 /* Frameworks */ = {
			isa = PBXFrameworksBuildPhase;
			buildActionMask = 2147483647;
			files = (
			);
			runOnlyForDeploymentPostprocessing = 0;
		};
		0253049D2792DA9F009563D8 /* Frameworks */ = {
			isa = PBXFrameworksBuildPhase;
			buildActionMask = 2147483647;
			files = (
			);
			runOnlyForDeploymentPostprocessing = 0;
		};
/* End PBXFrameworksBuildPhase section */

/* Begin PBXGroup section */
		025304742792DA9E009563D8 = {
			isa = PBXGroup;
			children = (
				0253047F2792DA9E009563D8 /* LabelSample */,
				025304992792DA9F009563D8 /* LabelSampleTests */,
				025304A32792DA9F009563D8 /* LabelSampleUITests */,
				0253047E2792DA9E009563D8 /* Products */,
			);
			sourceTree = "<group>";
		};
		0253047E2792DA9E009563D8 /* Products */ = {
			isa = PBXGroup;
			children = (
				0253047D2792DA9E009563D8 /* LabelSample.app */,
				025304962792DA9F009563D8 /* LabelSampleTests.xctest */,
				025304A02792DA9F009563D8 /* LabelSampleUITests.xctest */,
			);
			name = Products;
			sourceTree = "<group>";
		};
		0253047F2792DA9E009563D8 /* LabelSample */ = {
			isa = PBXGroup;
			children = (
				025304BF27933175009563D8 /* Label */,
				025304B62792DB9E009563D8 /* Text */,
				025304B32792DABA009563D8 /* Main */,
				025304802792DA9E009563D8 /* AppDelegate.swift */,
				025304822792DA9E009563D8 /* SceneDelegate.swift */,
				025304842792DA9E009563D8 /* ViewController.swift */,
				025304862792DA9E009563D8 /* Main.storyboard */,
				0253048C2792DA9E009563D8 /* Assets.xcassets */,
				0253048E2792DA9E009563D8 /* LaunchScreen.storyboard */,
				025304912792DA9E009563D8 /* Info.plist */,
				025304892792DA9E009563D8 /* LabelSample.xcdatamodeld */,
			);
			path = LabelSample;
			sourceTree = "<group>";
		};
		025304992792DA9F009563D8 /* LabelSampleTests */ = {
			isa = PBXGroup;
			children = (
				0253049A2792DA9F009563D8 /* LabelSampleTests.swift */,
			);
			path = LabelSampleTests;
			sourceTree = "<group>";
		};
		025304A32792DA9F009563D8 /* LabelSampleUITests */ = {
			isa = PBXGroup;
			children = (
				025304A42792DA9F009563D8 /* LabelSampleUITests.swift */,
				025304A62792DA9F009563D8 /* LabelSampleUITestsLaunchTests.swift */,
			);
			path = LabelSampleUITests;
			sourceTree = "<group>";
		};
		025304B32792DABA009563D8 /* Main */ = {
			isa = PBXGroup;
			children = (
				025304B42792DAC9009563D8 /* MainViewController.swift */,
				025304B92792F188009563D8 /* MainViewModel.swift */,
				025304BB27932719009563D8 /* Extension.swift */,
				025304BD27933032009563D8 /* TableViewCell.swift */,
			);
			path = Main;
			sourceTree = "<group>";
		};
		025304B62792DB9E009563D8 /* Text */ = {
			isa = PBXGroup;
			children = (
				025304B72792DBA8009563D8 /* TextView.swift */,
			);
			path = Text;
			sourceTree = "<group>";
		};
		025304BF27933175009563D8 /* Label */ = {
			isa = PBXGroup;
			children = (
				025304C027933180009563D8 /* Label.swift */,
				025304C22793321C009563D8 /* UnderlineLayoutManager.swift */,
			);
			path = Label;
			sourceTree = "<group>";
		};
/* End PBXGroup section */

/* Begin PBXNativeTarget section */
		0253047C2792DA9E009563D8 /* LabelSample */ = {
			isa = PBXNativeTarget;
			buildConfigurationList = 025304AA2792DA9F009563D8 /* Build configuration list for PBXNativeTarget "LabelSample" */;
			buildPhases = (
				025304792792DA9E009563D8 /* Sources */,
				0253047A2792DA9E009563D8 /* Frameworks */,
				0253047B2792DA9E009563D8 /* Resources */,
			);
			buildRules = (
			);
			dependencies = (
			);
			name = LabelSample;
			productName = LabelSample;
			productReference = 0253047D2792DA9E009563D8 /* LabelSample.app */;
			productType = "com.apple.product-type.application";
		};
		025304952792DA9F009563D8 /* LabelSampleTests */ = {
			isa = PBXNativeTarget;
			buildConfigurationList = 025304AD2792DA9F009563D8 /* Build configuration list for PBXNativeTarget "LabelSampleTests" */;
			buildPhases = (
				025304922792DA9F009563D8 /* Sources */,
				025304932792DA9F009563D8 /* Frameworks */,
				025304942792DA9F009563D8 /* Resources */,
			);
			buildRules = (
			);
			dependencies = (
				025304982792DA9F009563D8 /* PBXTargetDependency */,
			);
			name = LabelSampleTests;
			productName = LabelSampleTests;
			productReference = 025304962792DA9F009563D8 /* LabelSampleTests.xctest */;
			productType = "com.apple.product-type.bundle.unit-test";
		};
		0253049F2792DA9F009563D8 /* LabelSampleUITests */ = {
			isa = PBXNativeTarget;
			buildConfigurationList = 025304B02792DA9F009563D8 /* Build configuration list for PBXNativeTarget "LabelSampleUITests" */;
			buildPhases = (
				0253049C2792DA9F009563D8 /* Sources */,
				0253049D2792DA9F009563D8 /* Frameworks */,
				0253049E2792DA9F009563D8 /* Resources */,
			);
			buildRules = (
			);
			dependencies = (
				025304A22792DA9F009563D8 /* PBXTargetDependency */,
			);
			name = LabelSampleUITests;
			productName = LabelSampleUITests;
			productReference = 025304A02792DA9F009563D8 /* LabelSampleUITests.xctest */;
			productType = "com.apple.product-type.bundle.ui-testing";
		};
/* End PBXNativeTarget section */

/* Begin PBXProject section */
		025304752792DA9E009563D8 /* Project object */ = {
			isa = PBXProject;
			attributes = {
				BuildIndependentTargetsInParallel = 1;
				LastSwiftUpdateCheck = 1320;
				LastUpgradeCheck = 1320;
				TargetAttributes = {
					0253047C2792DA9E009563D8 = {
						CreatedOnToolsVersion = 13.2.1;
					};
					025304952792DA9F009563D8 = {
						CreatedOnToolsVersion = 13.2.1;
						TestTargetID = 0253047C2792DA9E009563D8;
					};
					0253049F2792DA9F009563D8 = {
						CreatedOnToolsVersion = 13.2.1;
						TestTargetID = 0253047C2792DA9E009563D8;
					};
				};
			};
			buildConfigurationList = 025304782792DA9E009563D8 /* Build configuration list for PBXProject "LabelSample" */;
			compatibilityVersion = "Xcode 13.0";
			developmentRegion = en;
			hasScannedForEncodings = 0;
			knownRegions = (
				en,
				Base,
			);
			mainGroup = 025304742792DA9E009563D8;
			productRefGroup = 0253047E2792DA9E009563D8 /* Products */;
			projectDirPath = "";
			projectRoot = "";
			targets = (
				0253047C2792DA9E009563D8 /* LabelSample */,
				025304952792DA9F009563D8 /* LabelSampleTests */,
				0253049F2792DA9F009563D8 /* LabelSampleUITests */,
			);
		};
/* End PBXProject section */

/* Begin PBXResourcesBuildPhase section */
		0253047B2792DA9E009563D8 /* Resources */ = {
			isa = PBXResourcesBuildPhase;
			buildActionMask = 2147483647;
			files = (
				025304902792DA9E009563D8 /* LaunchScreen.storyboard in Resources */,
				0253048D2792DA9E009563D8 /* Assets.xcassets in Resources */,
				025304882792DA9E009563D8 /* Main.storyboard in Resources */,
			);
			runOnlyForDeploymentPostprocessing = 0;
		};
		025304942792DA9F009563D8 /* Resources */ = {
			isa = PBXResourcesBuildPhase;
			buildActionMask = 2147483647;
			files = (
			);
			runOnlyForDeploymentPostprocessing = 0;
		};
		0253049E2792DA9F009563D8 /* Resources */ = {
			isa = PBXResourcesBuildPhase;
			buildActionMask = 2147483647;
			files = (
			);
			runOnlyForDeploymentPostprocessing = 0;
		};
/* End PBXResourcesBuildPhase section */

/* Begin PBXSourcesBuildPhase section */
		025304792792DA9E009563D8 /* Sources */ = {
			isa = PBXSourcesBuildPhase;
			buildActionMask = 2147483647;
			files = (
				025304BA2792F188009563D8 /* MainViewModel.swift in Sources */,
				025304852792DA9E009563D8 /* ViewController.swift in Sources */,
				025304812792DA9E009563D8 /* AppDelegate.swift in Sources */,
				025304BE27933032009563D8 /* TableViewCell.swift in Sources */,
				0253048B2792DA9E009563D8 /* LabelSample.xcdatamodeld in Sources */,
				025304B82792DBA8009563D8 /* TextView.swift in Sources */,
				025304832792DA9E009563D8 /* SceneDelegate.swift in Sources */,
				025304C32793321C009563D8 /* UnderlineLayoutManager.swift in Sources */,
				025304B52792DAC9009563D8 /* MainViewController.swift in Sources */,
				025304C127933180009563D8 /* Label.swift in Sources */,
				025304BC27932719009563D8 /* Extension.swift in Sources */,
			);
			runOnlyForDeploymentPostprocessing = 0;
		};
		025304922792DA9F009563D8 /* Sources */ = {
			isa = PBXSourcesBuildPhase;
			buildActionMask = 2147483647;
			files = (
				0253049B2792DA9F009563D8 /* LabelSampleTests.swift in Sources */,
			);
			runOnlyForDeploymentPostprocessing = 0;
		};
		0253049C2792DA9F009563D8 /* Sources */ = {
			isa = PBXSourcesBuildPhase;
			buildActionMask = 2147483647;
			files = (
				025304A52792DA9F009563D8 /* LabelSampleUITests.swift in Sources */,
				025304A72792DA9F009563D8 /* LabelSampleUITestsLaunchTests.swift in Sources */,
			);
			runOnlyForDeploymentPostprocessing = 0;
		};
/* End PBXSourcesBuildPhase section */

/* Begin PBXTargetDependency section */
		025304982792DA9F009563D8 /* PBXTargetDependency */ = {
			isa = PBXTargetDependency;
			target = 0253047C2792DA9E009563D8 /* LabelSample */;
			targetProxy = 025304972792DA9F009563D8 /* PBXContainerItemProxy */;
		};
		025304A22792DA9F009563D8 /* PBXTargetDependency */ = {
			isa = PBXTargetDependency;
			target = 0253047C2792DA9E009563D8 /* LabelSample */;
			targetProxy = 025304A12792DA9F009563D8 /* PBXContainerItemProxy */;
		};
/* End PBXTargetDependency section */

/* Begin PBXVariantGroup section */
		025304862792DA9E009563D8 /* Main.storyboard */ = {
			isa = PBXVariantGroup;
			children = (
				025304872792DA9E009563D8 /* Base */,
			);
			name = Main.storyboard;
			sourceTree = "<group>";
		};
		0253048E2792DA9E009563D8 /* LaunchScreen.storyboard */ = {
			isa = PBXVariantGroup;
			children = (
				0253048F2792DA9E009563D8 /* Base */,
			);
			name = LaunchScreen.storyboard;
			sourceTree = "<group>";
		};
/* End PBXVariantGroup section */

/* Begin XCBuildConfiguration section */
		025304A82792DA9F009563D8 /* Debug */ = {
			isa = XCBuildConfiguration;
			buildSettings = {
				ALWAYS_SEARCH_USER_PATHS = NO;
				CLANG_ANALYZER_NONNULL = YES;
				CLANG_ANALYZER_NUMBER_OBJECT_CONVERSION = YES_AGGRESSIVE;
				CLANG_CXX_LANGUAGE_STANDARD = "gnu++17";
				CLANG_CXX_LIBRARY = "libc++";
				CLANG_ENABLE_MODULES = YES;
				CLANG_ENABLE_OBJC_ARC = YES;
				CLANG_ENABLE_OBJC_WEAK = YES;
				CLANG_WARN_BLOCK_CAPTURE_AUTORELEASING = YES;
				CLANG_WARN_BOOL_CONVERSION = YES;
				CLANG_WARN_COMMA = YES;
				CLANG_WARN_CONSTANT_CONVERSION = YES;
				CLANG_WARN_DEPRECATED_OBJC_IMPLEMENTATIONS = YES;
				CLANG_WARN_DIRECT_OBJC_ISA_USAGE = YES_ERROR;
				CLANG_WARN_DOCUMENTATION_COMMENTS = YES;
				CLANG_WARN_EMPTY_BODY = YES;
				CLANG_WARN_ENUM_CONVERSION = YES;
				CLANG_WARN_INFINITE_RECURSION = YES;
				CLANG_WARN_INT_CONVERSION = YES;
				CLANG_WARN_NON_LITERAL_NULL_CONVERSION = YES;
				CLANG_WARN_OBJC_IMPLICIT_RETAIN_SELF = YES;
				CLANG_WARN_OBJC_LITERAL_CONVERSION = YES;
				CLANG_WARN_OBJC_ROOT_CLASS = YES_ERROR;
				CLANG_WARN_QUOTED_INCLUDE_IN_FRAMEWORK_HEADER = YES;
				CLANG_WARN_RANGE_LOOP_ANALYSIS = YES;
				CLANG_WARN_STRICT_PROTOTYPES = YES;
				CLANG_WARN_SUSPICIOUS_MOVE = YES;
				CLANG_WARN_UNGUARDED_AVAILABILITY = YES_AGGRESSIVE;
				CLANG_WARN_UNREACHABLE_CODE = YES;
				CLANG_WARN__DUPLICATE_METHOD_MATCH = YES;
				COPY_PHASE_STRIP = NO;
				DEBUG_INFORMATION_FORMAT = dwarf;
				ENABLE_STRICT_OBJC_MSGSEND = YES;
				ENABLE_TESTABILITY = YES;
				GCC_C_LANGUAGE_STANDARD = gnu11;
				GCC_DYNAMIC_NO_PIC = NO;
				GCC_NO_COMMON_BLOCKS = YES;
				GCC_OPTIMIZATION_LEVEL = 0;
				GCC_PREPROCESSOR_DEFINITIONS = (
					"DEBUG=1",
					"$(inherited)",
				);
				GCC_WARN_64_TO_32_BIT_CONVERSION = YES;
				GCC_WARN_ABOUT_RETURN_TYPE = YES_ERROR;
				GCC_WARN_UNDECLARED_SELECTOR = YES;
				GCC_WARN_UNINITIALIZED_AUTOS = YES_AGGRESSIVE;
				GCC_WARN_UNUSED_FUNCTION = YES;
				GCC_WARN_UNUSED_VARIABLE = YES;
				IPHONEOS_DEPLOYMENT_TARGET = 15.2;
				MTL_ENABLE_DEBUG_INFO = INCLUDE_SOURCE;
				MTL_FAST_MATH = YES;
				ONLY_ACTIVE_ARCH = YES;
				SDKROOT = iphoneos;
				SWIFT_ACTIVE_COMPILATION_CONDITIONS = DEBUG;
				SWIFT_OPTIMIZATION_LEVEL = "-Onone";
			};
			name = Debug;
		};
		025304A92792DA9F009563D8 /* Release */ = {
			isa = XCBuildConfiguration;
			buildSettings = {
				ALWAYS_SEARCH_USER_PATHS = NO;
				CLANG_ANALYZER_NONNULL = YES;
				CLANG_ANALYZER_NUMBER_OBJECT_CONVERSION = YES_AGGRESSIVE;
				CLANG_CXX_LANGUAGE_STANDARD = "gnu++17";
				CLANG_CXX_LIBRARY = "libc++";
				CLANG_ENABLE_MODULES = YES;
				CLANG_ENABLE_OBJC_ARC = YES;
				CLANG_ENABLE_OBJC_WEAK = YES;
				CLANG_WARN_BLOCK_CAPTURE_AUTORELEASING = YES;
				CLANG_WARN_BOOL_CONVERSION = YES;
				CLANG_WARN_COMMA = YES;
				CLANG_WARN_CONSTANT_CONVERSION = YES;
				CLANG_WARN_DEPRECATED_OBJC_IMPLEMENTATIONS = YES;
				CLANG_WARN_DIRECT_OBJC_ISA_USAGE = YES_ERROR;
				CLANG_WARN_DOCUMENTATION_COMMENTS = YES;
				CLANG_WARN_EMPTY_BODY = YES;
				CLANG_WARN_ENUM_CONVERSION = YES;
				CLANG_WARN_INFINITE_RECURSION = YES;
				CLANG_WARN_INT_CONVERSION = YES;
				CLANG_WARN_NON_LITERAL_NULL_CONVERSION = YES;
				CLANG_WARN_OBJC_IMPLICIT_RETAIN_SELF = YES;
				CLANG_WARN_OBJC_LITERAL_CONVERSION = YES;
				CLANG_WARN_OBJC_ROOT_CLASS = YES_ERROR;
				CLANG_WARN_QUOTED_INCLUDE_IN_FRAMEWORK_HEADER = YES;
				CLANG_WARN_RANGE_LOOP_ANALYSIS = YES;
				CLANG_WARN_STRICT_PROTOTYPES = YES;
				CLANG_WARN_SUSPICIOUS_MOVE = YES;
				CLANG_WARN_UNGUARDED_AVAILABILITY = YES_AGGRESSIVE;
				CLANG_WARN_UNREACHABLE_CODE = YES;
				CLANG_WARN__DUPLICATE_METHOD_MATCH = YES;
				COPY_PHASE_STRIP = NO;
				DEBUG_INFORMATION_FORMAT = "dwarf-with-dsym";
				ENABLE_NS_ASSERTIONS = NO;
				ENABLE_STRICT_OBJC_MSGSEND = YES;
				GCC_C_LANGUAGE_STANDARD = gnu11;
				GCC_NO_COMMON_BLOCKS = YES;
				GCC_WARN_64_TO_32_BIT_CONVERSION = YES;
				GCC_WARN_ABOUT_RETURN_TYPE = YES_ERROR;
				GCC_WARN_UNDECLARED_SELECTOR = YES;
				GCC_WARN_UNINITIALIZED_AUTOS = YES_AGGRESSIVE;
				GCC_WARN_UNUSED_FUNCTION = YES;
				GCC_WARN_UNUSED_VARIABLE = YES;
				IPHONEOS_DEPLOYMENT_TARGET = 15.2;
				MTL_ENABLE_DEBUG_INFO = NO;
				MTL_FAST_MATH = YES;
				SDKROOT = iphoneos;
				SWIFT_COMPILATION_MODE = wholemodule;
				SWIFT_OPTIMIZATION_LEVEL = "-O";
				VALIDATE_PRODUCT = YES;
			};
			name = Release;
		};
		025304AB2792DA9F009563D8 /* Debug */ = {
			isa = XCBuildConfiguration;
			buildSettings = {
				ASSETCATALOG_COMPILER_APPICON_NAME = AppIcon;
				ASSETCATALOG_COMPILER_GLOBAL_ACCENT_COLOR_NAME = AccentColor;
				CODE_SIGN_STYLE = Automatic;
				CURRENT_PROJECT_VERSION = 1;
				DEVELOPMENT_TEAM = 24WX6MH4BG;
				GENERATE_INFOPLIST_FILE = YES;
				INFOPLIST_FILE = LabelSample/Info.plist;
				INFOPLIST_KEY_UIApplicationSupportsIndirectInputEvents = YES;
				INFOPLIST_KEY_UILaunchStoryboardName = LaunchScreen;
				INFOPLIST_KEY_UIMainStoryboardFile = Main;
				INFOPLIST_KEY_UISupportedInterfaceOrientations_iPad = "UIInterfaceOrientationPortrait UIInterfaceOrientationPortraitUpsideDown UIInterfaceOrientationLandscapeLeft UIInterfaceOrientationLandscapeRight";
				INFOPLIST_KEY_UISupportedInterfaceOrientations_iPhone = "UIInterfaceOrientationPortrait UIInterfaceOrientationLandscapeLeft UIInterfaceOrientationLandscapeRight";
				LD_RUNPATH_SEARCH_PATHS = (
					"$(inherited)",
					"@executable_path/Frameworks",
				);
				MARKETING_VERSION = 1.0;
				PRODUCT_BUNDLE_IDENTIFIER = "Taewan-Kim.LabelSample";
				PRODUCT_NAME = "$(TARGET_NAME)";
				SWIFT_EMIT_LOC_STRINGS = YES;
				SWIFT_VERSION = 5.0;
				TARGETED_DEVICE_FAMILY = "1,2";
			};
			name = Debug;
		};
		025304AC2792DA9F009563D8 /* Release */ = {
			isa = XCBuildConfiguration;
			buildSettings = {
				ASSETCATALOG_COMPILER_APPICON_NAME = AppIcon;
				ASSETCATALOG_COMPILER_GLOBAL_ACCENT_COLOR_NAME = AccentColor;
				CODE_SIGN_STYLE = Automatic;
				CURRENT_PROJECT_VERSION = 1;
				DEVELOPMENT_TEAM = 24WX6MH4BG;
				GENERATE_INFOPLIST_FILE = YES;
				INFOPLIST_FILE = LabelSample/Info.plist;
				INFOPLIST_KEY_UIApplicationSupportsIndirectInputEvents = YES;
				INFOPLIST_KEY_UILaunchStoryboardName = LaunchScreen;
				INFOPLIST_KEY_UIMainStoryboardFile = Main;
				INFOPLIST_KEY_UISupportedInterfaceOrientations_iPad = "UIInterfaceOrientationPortrait UIInterfaceOrientationPortraitUpsideDown UIInterfaceOrientationLandscapeLeft UIInterfaceOrientationLandscapeRight";
				INFOPLIST_KEY_UISupportedInterfaceOrientations_iPhone = "UIInterfaceOrientationPortrait UIInterfaceOrientationLandscapeLeft UIInterfaceOrientationLandscapeRight";
				LD_RUNPATH_SEARCH_PATHS = (
					"$(inherited)",
					"@executable_path/Frameworks",
				);
				MARKETING_VERSION = 1.0;
				PRODUCT_BUNDLE_IDENTIFIER = "Taewan-Kim.LabelSample";
				PRODUCT_NAME = "$(TARGET_NAME)";
				SWIFT_EMIT_LOC_STRINGS = YES;
				SWIFT_VERSION = 5.0;
				TARGETED_DEVICE_FAMILY = "1,2";
			};
			name = Release;
		};
		025304AE2792DA9F009563D8 /* Debug */ = {
			isa = XCBuildConfiguration;
			buildSettings = {
				ALWAYS_EMBED_SWIFT_STANDARD_LIBRARIES = YES;
				BUNDLE_LOADER = "$(TEST_HOST)";
				CODE_SIGN_STYLE = Automatic;
				CURRENT_PROJECT_VERSION = 1;
				DEVELOPMENT_TEAM = 24WX6MH4BG;
				GENERATE_INFOPLIST_FILE = YES;
				IPHONEOS_DEPLOYMENT_TARGET = 15.2;
				MARKETING_VERSION = 1.0;
				PRODUCT_BUNDLE_IDENTIFIER = "Taewan-Kim.LabelSampleTests";
				PRODUCT_NAME = "$(TARGET_NAME)";
				SWIFT_EMIT_LOC_STRINGS = NO;
				SWIFT_VERSION = 5.0;
				TARGETED_DEVICE_FAMILY = "1,2";
				TEST_HOST = "$(BUILT_PRODUCTS_DIR)/LabelSample.app/LabelSample";
			};
			name = Debug;
		};
		025304AF2792DA9F009563D8 /* Release */ = {
			isa = XCBuildConfiguration;
			buildSettings = {
				ALWAYS_EMBED_SWIFT_STANDARD_LIBRARIES = YES;
				BUNDLE_LOADER = "$(TEST_HOST)";
				CODE_SIGN_STYLE = Automatic;
				CURRENT_PROJECT_VERSION = 1;
				DEVELOPMENT_TEAM = 24WX6MH4BG;
				GENERATE_INFOPLIST_FILE = YES;
				IPHONEOS_DEPLOYMENT_TARGET = 15.2;
				MARKETING_VERSION = 1.0;
				PRODUCT_BUNDLE_IDENTIFIER = "Taewan-Kim.LabelSampleTests";
				PRODUCT_NAME = "$(TARGET_NAME)";
				SWIFT_EMIT_LOC_STRINGS = NO;
				SWIFT_VERSION = 5.0;
				TARGETED_DEVICE_FAMILY = "1,2";
				TEST_HOST = "$(BUILT_PRODUCTS_DIR)/LabelSample.app/LabelSample";
			};
			name = Release;
		};
		025304B12792DA9F009563D8 /* Debug */ = {
			isa = XCBuildConfiguration;
			buildSettings = {
				ALWAYS_EMBED_SWIFT_STANDARD_LIBRARIES = YES;
				CODE_SIGN_STYLE = Automatic;
				CURRENT_PROJECT_VERSION = 1;
				DEVELOPMENT_TEAM = 24WX6MH4BG;
				GENERATE_INFOPLIST_FILE = YES;
				MARKETING_VERSION = 1.0;
				PRODUCT_BUNDLE_IDENTIFIER = "Taewan-Kim.LabelSampleUITests";
				PRODUCT_NAME = "$(TARGET_NAME)";
				SWIFT_EMIT_LOC_STRINGS = NO;
				SWIFT_VERSION = 5.0;
				TARGETED_DEVICE_FAMILY = "1,2";
				TEST_TARGET_NAME = LabelSample;
			};
			name = Debug;
		};
		025304B22792DA9F009563D8 /* Release */ = {
			isa = XCBuildConfiguration;
			buildSettings = {
				ALWAYS_EMBED_SWIFT_STANDARD_LIBRARIES = YES;
				CODE_SIGN_STYLE = Automatic;
				CURRENT_PROJECT_VERSION = 1;
				DEVELOPMENT_TEAM = 24WX6MH4BG;
				GENERATE_INFOPLIST_FILE = YES;
				MARKETING_VERSION = 1.0;
				PRODUCT_BUNDLE_IDENTIFIER = "Taewan-Kim.LabelSampleUITests";
				PRODUCT_NAME = "$(TARGET_NAME)";
				SWIFT_EMIT_LOC_STRINGS = NO;
				SWIFT_VERSION = 5.0;
				TARGETED_DEVICE_FAMILY = "1,2";
				TEST_TARGET_NAME = LabelSample;
			};
			name = Release;
		};
/* End XCBuildConfiguration section */

/* Begin XCConfigurationList section */
		025304782792DA9E009563D8 /* Build configuration list for PBXProject "LabelSample" */ = {
			isa = XCConfigurationList;
			buildConfigurations = (
				025304A82792DA9F009563D8 /* Debug */,
				025304A92792DA9F009563D8 /* Release */,
			);
			defaultConfigurationIsVisible = 0;
			defaultConfigurationName = Release;
		};
		025304AA2792DA9F009563D8 /* Build configuration list for PBXNativeTarget "LabelSample" */ = {
			isa = XCConfigurationList;
			buildConfigurations = (
				025304AB2792DA9F009563D8 /* Debug */,
				025304AC2792DA9F009563D8 /* Release */,
			);
			defaultConfigurationIsVisible = 0;
			defaultConfigurationName = Release;
		};
		025304AD2792DA9F009563D8 /* Build configuration list for PBXNativeTarget "LabelSampleTests" */ = {
			isa = XCConfigurationList;
			buildConfigurations = (
				025304AE2792DA9F009563D8 /* Debug */,
				025304AF2792DA9F009563D8 /* Release */,
			);
			defaultConfigurationIsVisible = 0;
			defaultConfigurationName = Release;
		};
		025304B02792DA9F009563D8 /* Build configuration list for PBXNativeTarget "LabelSampleUITests" */ = {
			isa = XCConfigurationList;
			buildConfigurations = (
				025304B12792DA9F009563D8 /* Debug */,
				025304B22792DA9F009563D8 /* Release */,
			);
			defaultConfigurationIsVisible = 0;
			defaultConfigurationName = Release;
		};
/* End XCConfigurationList section */

/* Begin XCVersionGroup section */
		025304892792DA9E009563D8 /* LabelSample.xcdatamodeld */ = {
			isa = XCVersionGroup;
			children = (
				0253048A2792DA9E009563D8 /* LabelSample.xcdatamodel */,
			);
			currentVersion = 0253048A2792DA9E009563D8 /* LabelSample.xcdatamodel */;
			path = LabelSample.xcdatamodeld;
			sourceTree = "<group>";
			versionGroupType = wrapper.xcdatamodel;
		};
/* End XCVersionGroup section */
	};
	rootObject = 025304752792DA9E009563D8 /* Project object */;
}
